# @generated by Move, please check-in and do not edit manually.

[move]
version = 3
manifest_digest = "0991A853ECAAC21F8D74178714D962FE7D97BDCC425E4EDD3DEA1C38D5F09286"
deps_digest = "F8BBB0CCB2491CA29A3DF03D6F92277A4F3574266507ACD77214D37ECA3F3082"
dependencies = [
  { id = "Sui", name = "Sui" },
]

[[move.package]]
id = "MoveStdlib"
source = { git = "https://github.com/MystenLabs/sui.git", rev = "framework/testnet", subdir = "crates/sui-framework/packages/move-stdlib" }

[[move.package]]
id = "Sui"
source = { git = "https://github.com/MystenLabs/sui.git", rev = "framework/testnet", subdir = "crates/sui-framework/packages/sui-framework" }

dependencies = [
  { id = "MoveStdlib", name = "MoveStdlib" },
]

[move.toolchain-version]
compiler-version = "1.41.0"
edition = "2024.beta"
flavor = "sui"

[env]

[env.testnet]
chain-id = "4c78adac"
original-published-id = "0xc8384c7946096a0281400f566b1a7703cb84d4a45e76e068d7951f636846006a"
latest-published-id = "0xc8384c7946096a0281400f566b1a7703cb84d4a45e76e068d7951f636846006a"
published-version = "1"
